// !$*UTF8*$!
{
	archiveVersion = 1;
	classes = {
	};
	objectVersion = 46;
	objects = {

/* Begin PBXBuildFile section */
		90E1873513E04AF1001C0B0A /* NSDictionary-MutableDeepCopy.m in Sources */ = {isa = PBXBuildFile; fileRef = 90E1873413E04AF1001C0B0A /* NSDictionary-MutableDeepCopy.m */; };
		90F76D8B13DF08C800663636 /* UIKit.framework in Frameworks */ = {isa = PBXBuildFile; fileRef = 90F76D8A13DF08C800663636 /* UIKit.framework */; };
		90F76D8D13DF08C800663636 /* Foundation.framework in Frameworks */ = {isa = PBXBuildFile; fileRef = 90F76D8C13DF08C800663636 /* Foundation.framework */; };
		90F76D8F13DF08C800663636 /* CoreGraphics.framework in Frameworks */ = {isa = PBXBuildFile; fileRef = 90F76D8E13DF08C800663636 /* CoreGraphics.framework */; };
		90F76D9513DF08C800663636 /* InfoPlist.strings in Resources */ = {isa = PBXBuildFile; fileRef = 90F76D9313DF08C800663636 /* InfoPlist.strings */; };
		90F76D9713DF08C800663636 /* main.m in Sources */ = {isa = PBXBuildFile; fileRef = 90F76D9613DF08C800663636 /* main.m */; };
		90F76D9B13DF08C800663636 /* SectionsAppDelegate.m in Sources */ = {isa = PBXBuildFile; fileRef = 90F76D9A13DF08C800663636 /* SectionsAppDelegate.m */; };
		90F76D9E13DF08C800663636 /* MainWindow.xib in Resources */ = {isa = PBXBuildFile; fileRef = 90F76D9C13DF08C800663636 /* MainWindow.xib */; };
		90F76DA113DF08C800663636 /* SectionsViewController.m in Sources */ = {isa = PBXBuildFile; fileRef = 90F76DA013DF08C800663636 /* SectionsViewController.m */; };
		90F76DA413DF08C800663636 /* SectionsViewController.xib in Resources */ = {isa = PBXBuildFile; fileRef = 90F76DA213DF08C800663636 /* SectionsViewController.xib */; };
/* End PBXBuildFile section */

/* Begin PBXFileReference section */
		90E1873313E04AF1001C0B0A /* NSDictionary-MutableDeepCopy.h */ = {isa = PBXFileReference; fileEncoding = 4; lastKnownFileType = sourcecode.c.h; path = "NSDictionary-MutableDeepCopy.h"; sourceTree = "<group>"; };
		90E1873413E04AF1001C0B0A /* NSDictionary-MutableDeepCopy.m */ = {isa = PBXFileReference; fileEncoding = 4; lastKnownFileType = sourcecode.c.objc; path = "NSDictionary-MutableDeepCopy.m"; sourceTree = "<group>"; };
		90F76D8613DF08C800663636 /* Sections.app */ = {isa = PBXFileReference; explicitFileType = wrapper.application; includeInIndex = 0; path = Sections.app; sourceTree = BUILT_PRODUCTS_DIR; };
		90F76D8A13DF08C800663636 /* UIKit.framework */ = {isa = PBXFileReference; lastKnownFileType = wrapper.framework; name = UIKit.framework; path = System/Library/Frameworks/UIKit.framework; sourceTree = SDKROOT; };
		90F76D8C13DF08C800663636 /* Foundation.framework */ = {isa = PBXFileReference; lastKnownFileType = wrapper.framework; name = Foundation.framework; path = System/Library/Frameworks/Foundation.framework; sourceTree = SDKROOT; };
		90F76D8E13DF08C800663636 /* CoreGraphics.framework */ = {isa = PBXFileReference; lastKnownFileType = wrapper.framework; name = CoreGraphics.framework; path = System/Library/Frameworks/CoreGraphics.framework; sourceTree = SDKROOT; };
		90F76D9213DF08C800663636 /* Sections-Info.plist */ = {isa = PBXFileReference; lastKnownFileType = text.plist.xml; path = "Sections-Info.plist"; sourceTree = "<group>"; };
		90F76D9413DF08C800663636 /* en */ = {isa = PBXFileReference; lastKnownFileType = text.plist.strings; name = en; path = en.lproj/InfoPlist.strings; sourceTree = "<group>"; };
		90F76D9613DF08C800663636 /* main.m */ = {isa = PBXFileReference; lastKnownFileType = sourcecode.c.objc; path = main.m; sourceTree = "<group>"; };
		90F76D9813DF08C800663636 /* Sections-Prefix.pch */ = {isa = PBXFileReference; lastKnownFileType = sourcecode.c.h; path = "Sections-Prefix.pch"; sourceTree = "<group>"; };
		90F76D9913DF08C800663636 /* SectionsAppDelegate.h */ = {isa = PBXFileReference; lastKnownFileType = sourcecode.c.h; path = SectionsAppDelegate.h; sourceTree = "<group>"; };
		90F76D9A13DF08C800663636 /* SectionsAppDelegate.m */ = {isa = PBXFileReference; lastKnownFileType = sourcecode.c.objc; path = SectionsAppDelegate.m; sourceTree = "<group>"; };
		90F76D9D13DF08C800663636 /* en */ = {isa = PBXFileReference; lastKnownFileType = file.xib; name = en; path = en.lproj/MainWindow.xib; sourceTree = "<group>"; };
		90F76D9F13DF08C800663636 /* SectionsViewController.h */ = {isa = PBXFileReference; lastKnownFileType = sourcecode.c.h; path = SectionsViewController.h; sourceTree = "<group>"; };
		90F76DA013DF08C800663636 /* SectionsViewController.m */ = {isa = PBXFileReference; lastKnownFileType = sourcecode.c.objc; path = SectionsViewController.m; sourceTree = "<group>"; };
		90F76DA313DF08C800663636 /* en */ = {isa = PBXFileReference; lastKnownFileType = file.xib; name = en; path = en.lproj/SectionsViewController.xib; sourceTree = "<group>"; };
/* End PBXFileReference section */

/* Begin PBXFrameworksBuildPhase section */
		90F76D8313DF08C800663636 /* Frameworks */ = {
			isa = PBXFrameworksBuildPhase;
			buildActionMask = 2147483647;
			files = (
				90F76D8B13DF08C800663636 /* UIKit.framework in Frameworks */,
				90F76D8D13DF08C800663636 /* Foundation.framework in Frameworks */,
				90F76D8F13DF08C800663636 /* CoreGraphics.framework in Frameworks */,
			);
			runOnlyForDeploymentPostprocessing = 0;
		};
/* End PBXFrameworksBuildPhase section */

/* Begin PBXGroup section */
		90F76D7B13DF08C800663636 = {
			isa = PBXGroup;
			children = (
				90F76D9013DF08C800663636 /* Sections */,
				90F76D8913DF08C800663636 /* Frameworks */,
				90F76D8713DF08C800663636 /* Products */,
			);
			sourceTree = "<group>";
		};
		90F76D8713DF08C800663636 /* Products */ = {
			isa = PBXGroup;
			children = (
				90F76D8613DF08C800663636 /* Sections.app */,
			);
			name = Products;
			sourceTree = "<group>";
		};
		90F76D8913DF08C800663636 /* Frameworks */ = {
			isa = PBXGroup;
			children = (
				90F76D8A13DF08C800663636 /* UIKit.framework */,
				90F76D8C13DF08C800663636 /* Foundation.framework */,
				90F76D8E13DF08C800663636 /* CoreGraphics.framework */,
			);
			name = Frameworks;
			sourceTree = "<group>";
		};
		90F76D9013DF08C800663636 /* Sections */ = {
			isa = PBXGroup;
			children = (
				90F76D9913DF08C800663636 /* SectionsAppDelegate.h */,
				90F76D9A13DF08C800663636 /* SectionsAppDelegate.m */,
				90F76D9C13DF08C800663636 /* MainWindow.xib */,
				90F76D9F13DF08C800663636 /* SectionsViewController.h */,
				90F76DA013DF08C800663636 /* SectionsViewController.m */,
				90F76DA213DF08C800663636 /* SectionsViewController.xib */,
				90F76D9113DF08C800663636 /* Supporting Files */,
				90E1873313E04AF1001C0B0A /* NSDictionary-MutableDeepCopy.h */,
				90E1873413E04AF1001C0B0A /* NSDictionary-MutableDeepCopy.m */,
			);
			path = Sections;
			sourceTree = "<group>";
		};
		90F76D9113DF08C800663636 /* Supporting Files */ = {
			isa = PBXGroup;
			children = (
				90F76D9213DF08C800663636 /* Sections-Info.plist */,
				90F76D9313DF08C800663636 /* InfoPlist.strings */,
				90F76D9613DF08C800663636 /* main.m */,
				90F76D9813DF08C800663636 /* Sections-Prefix.pch */,
			);
			name = "Supporting Files";
			sourceTree = "<group>";
		};
/* End PBXGroup section */

/* Begin PBXNativeTarget section */
		90F76D8513DF08C800663636 /* Sections */ = {
			isa = PBXNativeTarget;
			buildConfigurationList = 90F76DA713DF08C900663636 /* Build configuration list for PBXNativeTarget "Sections" */;
			buildPhases = (
				90F76D8213DF08C800663636 /* Sources */,
				90F76D8313DF08C800663636 /* Frameworks */,
				90F76D8413DF08C800663636 /* Resources */,
			);
			buildRules = (
			);
			dependencies = (
			);
			name = Sections;
			productName = Sections;
			productReference = 90F76D8613DF08C800663636 /* Sections.app */;
			productType = "com.apple.product-type.application";
		};
/* End PBXNativeTarget section */

/* Begin PBXProject section */
		90F76D7D13DF08C800663636 /* Project object */ = {
			isa = PBXProject;
			buildConfigurationList = 90F76D8013DF08C800663636 /* Build configuration list for PBXProject "Sections" */;
			compatibilityVersion = "Xcode 3.2";
			developmentRegion = English;
			hasScannedForEncodings = 0;
			knownRegions = (
				en,
			);
			mainGroup = 90F76D7B13DF08C800663636;
			productRefGroup = 90F76D8713DF08C800663636 /* Products */;
			projectDirPath = "";
			projectRoot = "";
			targets = (
				90F76D8513DF08C800663636 /* Sections */,
			);
		};
/* End PBXProject section */

/* Begin PBXResourcesBuildPhase section */
		90F76D8413DF08C800663636 /* Resources */ = {
			isa = PBXResourcesBuildPhase;
			buildActionMask = 2147483647;
			files = (
				90F76D9513DF08C800663636 /* InfoPlist.strings in Resources */,
				90F76D9E13DF08C800663636 /* MainWindow.xib in Resources */,
				90F76DA413DF08C800663636 /* SectionsViewController.xib in Resources */,
			);
			runOnlyForDeploymentPostprocessing = 0;
		};
/* End PBXResourcesBuildPhase section */

/* Begin PBXSourcesBuildPhase section */
		90F76D8213DF08C800663636 /* Sources */ = {
			isa = PBXSourcesBuildPhase;
			buildActionMask = 2147483647;
			files = (
				90F76D9713DF08C800663636 /* main.m in Sources */,
				90F76D9B13DF08C800663636 /* SectionsAppDelegate.m in Sources */,
				90F76DA113DF08C800663636 /* SectionsViewController.m in Sources */,
				90E1873513E04AF1001C0B0A /* NSDictionary-MutableDeepCopy.m in Sources */,
			);
			runOnlyForDeploymentPostprocessing = 0;
		};
/* End PBXSourcesBuildPhase section */

/* Begin PBXVariantGroup section */
		90F76D9313DF08C800663636 /* InfoPlist.strings */ = {
			isa = PBXVariantGroup;
			children = (
				90F76D9413DF08C800663636 /* en */,
			);
			name = InfoPlist.strings;
			sourceTree = "<group>";
		};
		90F76D9C13DF08C800663636 /* MainWindow.xib */ = {
			isa = PBXVariantGroup;
			children = (
				90F76D9D13DF08C800663636 /* en */,
			);
			name = MainWindow.xib;
			sourceTree = "<group>";
		};
		90F76DA213DF08C800663636 /* SectionsViewController.xib */ = {
			isa = PBXVariantGroup;
			children = (
				90F76DA313DF08C800663636 /* en */,
			);
			name = SectionsViewController.xib;
			sourceTree = "<group>";
		};
/* End PBXVariantGroup section */

/* Begin XCBuildConfiguration section */
		90F76DA513DF08C900663636 /* Debug */ = {
			isa = XCBuildConfiguration;
			buildSettings = {
				ALWAYS_SEARCH_USER_PATHS = NO;
				ARCHS = "$(ARCHS_STANDARD_32_BIT)";
				"CODE_SIGN_IDENTITY[sdk=iphoneos*]" = "iPhone Developer";
				COPY_PHASE_STRIP = NO;
				GCC_C_LANGUAGE_STANDARD = gnu99;
				GCC_DYNAMIC_NO_PIC = NO;
				GCC_OPTIMIZATION_LEVEL = 0;
				GCC_PREPROCESSOR_DEFINITIONS = (
					"DEBUG=1",
					"$(inherited)",
				);
				GCC_SYMBOLS_PRIVATE_EXTERN = NO;
				GCC_VERSION = com.apple.compilers.llvmgcc42;
				GCC_WARN_ABOUT_MISSING_PROTOTYPES = YES;
				GCC_WARN_ABOUT_RETURN_TYPE = YES;
				GCC_WARN_UNUSED_VARIABLE = YES;
				IPHONEOS_DEPLOYMENT_TARGET = 4.3;
				SDKROOT = iphoneos;
			};
			name = Debug;
		};
		90F76DA613DF08C900663636 /* Release */ = {
			isa = XCBuildConfiguration;
			buildSettings = {
				ALWAYS_SEARCH_USER_PATHS = NO;
				ARCHS = "$(ARCHS_STANDARD_32_BIT)";
				"CODE_SIGN_IDENTITY[sdk=iphoneos*]" = "iPhone Developer";
				COPY_PHASE_STRIP = YES;
				GCC_C_LANGUAGE_STANDARD = gnu99;
				GCC_VERSION = com.apple.compilers.llvmgcc42;
				GCC_WARN_ABOUT_MISSING_PROTOTYPES = YES;
				GCC_WARN_ABOUT_RETURN_TYPE = YES;
				GCC_WARN_UNUSED_VARIABLE = YES;
				IPHONEOS_DEPLOYMENT_TARGET = 4.3;
				OTHER_CFLAGS = "-DNS_BLOCK_ASSERTIONS=1";
				SDKROOT = iphoneos;
				VALIDATE_PRODUCT = YES;
			};
			name = Release;
		};
		90F76DA813DF08C900663636 /* Debug */ = {
			isa = XCBuildConfiguration;
			buildSettings = {
				GCC_PRECOMPILE_PREFIX_HEADER = YES;
				GCC_PREFIX_HEADER = "Sections/Sections-Prefix.pch";
				INFOPLIST_FILE = "Sections/Sections-Info.plist";
				PRODUCT_NAME = "$(TARGET_NAME)";
				WRAPPER_EXTENSION = app;
			};
			name = Debug;
		};
		90F76DA913DF08C900663636 /* Release */ = {
			isa = XCBuildConfiguration;
			buildSettings = {
				GCC_PRECOMPILE_PREFIX_HEADER = YES;
				GCC_PREFIX_HEADER = "Sections/Sections-Prefix.pch";
				INFOPLIST_FILE = "Sections/Sections-Info.plist";
				PRODUCT_NAME = "$(TARGET_NAME)";
				WRAPPER_EXTENSION = app;
			};
			name = Release;
		};
/* End XCBuildConfiguration section */

/* Begin XCConfigurationList section */
		90F76D8013DF08C800663636 /* Build configuration list for PBXProject "Sections" */ = {
			isa = XCConfigurationList;
			buildConfigurations = (
				90F76DA513DF08C900663636 /* Debug */,
				90F76DA613DF08C900663636 /* Release */,
			);
			defaultConfigurationIsVisible = 0;
			defaultConfigurationName = Release;
		};
		90F76DA713DF08C900663636 /* Build configuration list for PBXNativeTarget "Sections" */ = {
			isa = XCConfigurationList;
			buildConfigurations = (
				90F76DA813DF08C900663636 /* Debug */,
				90F76DA913DF08C900663636 /* Release */,
			);
			defaultConfigurationIsVisible = 0;
			defaultConfigurationName = Release;
		};
/* End XCConfigurationList section */
	};
	rootObject = 90F76D7D13DF08C800663636 /* Project object */;
}
