// !$*UTF8*$!
{
	archiveVersion = 1;
	classes = {
	};
	objectVersion = 46;
	objects = {

/* Begin PBXBuildFile section */
		902460EE140540A0004DC410 /* smiley.png in Resources */ = {isa = PBXBuildFile; fileRef = 902460ED140540A0004DC410 /* smiley.png */; };
		908C5194140522EF009B2D94 /* UIKit.framework in Frameworks */ = {isa = PBXBuildFile; fileRef = 908C5193140522EF009B2D94 /* UIKit.framework */; };
		908C5196140522EF009B2D94 /* Foundation.framework in Frameworks */ = {isa = PBXBuildFile; fileRef = 908C5195140522EF009B2D94 /* Foundation.framework */; };
		908C5198140522EF009B2D94 /* CoreGraphics.framework in Frameworks */ = {isa = PBXBuildFile; fileRef = 908C5197140522EF009B2D94 /* CoreGraphics.framework */; };
		908C519E140522EF009B2D94 /* InfoPlist.strings in Resources */ = {isa = PBXBuildFile; fileRef = 908C519C140522EF009B2D94 /* InfoPlist.strings */; };
		908C51A0140522EF009B2D94 /* main.m in Sources */ = {isa = PBXBuildFile; fileRef = 908C519F140522EF009B2D94 /* main.m */; };
		908C51A4140522EF009B2D94 /* State_LabAppDelegate.m in Sources */ = {isa = PBXBuildFile; fileRef = 908C51A3140522EF009B2D94 /* State_LabAppDelegate.m */; };
		908C51A7140522EF009B2D94 /* MainWindow.xib in Resources */ = {isa = PBXBuildFile; fileRef = 908C51A5140522EF009B2D94 /* MainWindow.xib */; };
		908C51AA140522EF009B2D94 /* State_LabViewController.m in Sources */ = {isa = PBXBuildFile; fileRef = 908C51A9140522EF009B2D94 /* State_LabViewController.m */; };
		908C51AD140522EF009B2D94 /* State_LabViewController.xib in Resources */ = {isa = PBXBuildFile; fileRef = 908C51AB140522EF009B2D94 /* State_LabViewController.xib */; };
/* End PBXBuildFile section */

/* Begin PBXFileReference section */
		902460ED140540A0004DC410 /* smiley.png */ = {isa = PBXFileReference; lastKnownFileType = image.png; name = smiley.png; path = "../../../../Downloads/Begin_iPhone4_Projects_2011_01_21/13 - State Lab/smiley.png"; sourceTree = "<group>"; };
		908C518F140522EF009B2D94 /* State Lab.app */ = {isa = PBXFileReference; explicitFileType = wrapper.application; includeInIndex = 0; path = "State Lab.app"; sourceTree = BUILT_PRODUCTS_DIR; };
		908C5193140522EF009B2D94 /* UIKit.framework */ = {isa = PBXFileReference; lastKnownFileType = wrapper.framework; name = UIKit.framework; path = System/Library/Frameworks/UIKit.framework; sourceTree = SDKROOT; };
		908C5195140522EF009B2D94 /* Foundation.framework */ = {isa = PBXFileReference; lastKnownFileType = wrapper.framework; name = Foundation.framework; path = System/Library/Frameworks/Foundation.framework; sourceTree = SDKROOT; };
		908C5197140522EF009B2D94 /* CoreGraphics.framework */ = {isa = PBXFileReference; lastKnownFileType = wrapper.framework; name = CoreGraphics.framework; path = System/Library/Frameworks/CoreGraphics.framework; sourceTree = SDKROOT; };
		908C519B140522EF009B2D94 /* State Lab-Info.plist */ = {isa = PBXFileReference; lastKnownFileType = text.plist.xml; path = "State Lab-Info.plist"; sourceTree = "<group>"; };
		908C519D140522EF009B2D94 /* en */ = {isa = PBXFileReference; lastKnownFileType = text.plist.strings; name = en; path = en.lproj/InfoPlist.strings; sourceTree = "<group>"; };
		908C519F140522EF009B2D94 /* main.m */ = {isa = PBXFileReference; lastKnownFileType = sourcecode.c.objc; path = main.m; sourceTree = "<group>"; };
		908C51A1140522EF009B2D94 /* State Lab-Prefix.pch */ = {isa = PBXFileReference; lastKnownFileType = sourcecode.c.h; path = "State Lab-Prefix.pch"; sourceTree = "<group>"; };
		908C51A2140522EF009B2D94 /* State_LabAppDelegate.h */ = {isa = PBXFileReference; lastKnownFileType = sourcecode.c.h; path = State_LabAppDelegate.h; sourceTree = "<group>"; };
		908C51A3140522EF009B2D94 /* State_LabAppDelegate.m */ = {isa = PBXFileReference; lastKnownFileType = sourcecode.c.objc; path = State_LabAppDelegate.m; sourceTree = "<group>"; };
		908C51A6140522EF009B2D94 /* en */ = {isa = PBXFileReference; lastKnownFileType = file.xib; name = en; path = en.lproj/MainWindow.xib; sourceTree = "<group>"; };
		908C51A8140522EF009B2D94 /* State_LabViewController.h */ = {isa = PBXFileReference; lastKnownFileType = sourcecode.c.h; path = State_LabViewController.h; sourceTree = "<group>"; };
		908C51A9140522EF009B2D94 /* State_LabViewController.m */ = {isa = PBXFileReference; lastKnownFileType = sourcecode.c.objc; path = State_LabViewController.m; sourceTree = "<group>"; };
		908C51AC140522EF009B2D94 /* en */ = {isa = PBXFileReference; lastKnownFileType = file.xib; name = en; path = en.lproj/State_LabViewController.xib; sourceTree = "<group>"; };
/* End PBXFileReference section */

/* Begin PBXFrameworksBuildPhase section */
		908C518C140522EF009B2D94 /* Frameworks */ = {
			isa = PBXFrameworksBuildPhase;
			buildActionMask = 2147483647;
			files = (
				908C5194140522EF009B2D94 /* UIKit.framework in Frameworks */,
				908C5196140522EF009B2D94 /* Foundation.framework in Frameworks */,
				908C5198140522EF009B2D94 /* CoreGraphics.framework in Frameworks */,
			);
			runOnlyForDeploymentPostprocessing = 0;
		};
/* End PBXFrameworksBuildPhase section */

/* Begin PBXGroup section */
		908C5184140522EF009B2D94 = {
			isa = PBXGroup;
			children = (
				908C5199140522EF009B2D94 /* State Lab */,
				908C5192140522EF009B2D94 /* Frameworks */,
				908C5190140522EF009B2D94 /* Products */,
			);
			sourceTree = "<group>";
		};
		908C5190140522EF009B2D94 /* Products */ = {
			isa = PBXGroup;
			children = (
				908C518F140522EF009B2D94 /* State Lab.app */,
			);
			name = Products;
			sourceTree = "<group>";
		};
		908C5192140522EF009B2D94 /* Frameworks */ = {
			isa = PBXGroup;
			children = (
				908C5193140522EF009B2D94 /* UIKit.framework */,
				908C5195140522EF009B2D94 /* Foundation.framework */,
				908C5197140522EF009B2D94 /* CoreGraphics.framework */,
			);
			name = Frameworks;
			sourceTree = "<group>";
		};
		908C5199140522EF009B2D94 /* State Lab */ = {
			isa = PBXGroup;
			children = (
				908C51A2140522EF009B2D94 /* State_LabAppDelegate.h */,
				908C51A3140522EF009B2D94 /* State_LabAppDelegate.m */,
				908C51A5140522EF009B2D94 /* MainWindow.xib */,
				908C51A8140522EF009B2D94 /* State_LabViewController.h */,
				908C51A9140522EF009B2D94 /* State_LabViewController.m */,
				908C51AB140522EF009B2D94 /* State_LabViewController.xib */,
				908C519A140522EF009B2D94 /* Supporting Files */,
			);
			path = "State Lab";
			sourceTree = "<group>";
		};
		908C519A140522EF009B2D94 /* Supporting Files */ = {
			isa = PBXGroup;
			children = (
				908C519B140522EF009B2D94 /* State Lab-Info.plist */,
				902460ED140540A0004DC410 /* smiley.png */,
				908C519C140522EF009B2D94 /* InfoPlist.strings */,
				908C519F140522EF009B2D94 /* main.m */,
				908C51A1140522EF009B2D94 /* State Lab-Prefix.pch */,
			);
			name = "Supporting Files";
			sourceTree = "<group>";
		};
/* End PBXGroup section */

/* Begin PBXNativeTarget section */
		908C518E140522EF009B2D94 /* State Lab */ = {
			isa = PBXNativeTarget;
			buildConfigurationList = 908C51B0140522EF009B2D94 /* Build configuration list for PBXNativeTarget "State Lab" */;
			buildPhases = (
				908C518B140522EF009B2D94 /* Sources */,
				908C518C140522EF009B2D94 /* Frameworks */,
				908C518D140522EF009B2D94 /* Resources */,
			);
			buildRules = (
			);
			dependencies = (
			);
			name = "State Lab";
			productName = "State Lab";
			productReference = 908C518F140522EF009B2D94 /* State Lab.app */;
			productType = "com.apple.product-type.application";
		};
/* End PBXNativeTarget section */

/* Begin PBXProject section */
		908C5186140522EF009B2D94 /* Project object */ = {
			isa = PBXProject;
			buildConfigurationList = 908C5189140522EF009B2D94 /* Build configuration list for PBXProject "State Lab" */;
			compatibilityVersion = "Xcode 3.2";
			developmentRegion = English;
			hasScannedForEncodings = 0;
			knownRegions = (
				en,
			);
			mainGroup = 908C5184140522EF009B2D94;
			productRefGroup = 908C5190140522EF009B2D94 /* Products */;
			projectDirPath = "";
			projectRoot = "";
			targets = (
				908C518E140522EF009B2D94 /* State Lab */,
			);
		};
/* End PBXProject section */

/* Begin PBXResourcesBuildPhase section */
		908C518D140522EF009B2D94 /* Resources */ = {
			isa = PBXResourcesBuildPhase;
			buildActionMask = 2147483647;
			files = (
				908C519E140522EF009B2D94 /* InfoPlist.strings in Resources */,
				908C51A7140522EF009B2D94 /* MainWindow.xib in Resources */,
				908C51AD140522EF009B2D94 /* State_LabViewController.xib in Resources */,
				902460EE140540A0004DC410 /* smiley.png in Resources */,
			);
			runOnlyForDeploymentPostprocessing = 0;
		};
/* End PBXResourcesBuildPhase section */

/* Begin PBXSourcesBuildPhase section */
		908C518B140522EF009B2D94 /* Sources */ = {
			isa = PBXSourcesBuildPhase;
			buildActionMask = 2147483647;
			files = (
				908C51A0140522EF009B2D94 /* main.m in Sources */,
				908C51A4140522EF009B2D94 /* State_LabAppDelegate.m in Sources */,
				908C51AA140522EF009B2D94 /* State_LabViewController.m in Sources */,
			);
			runOnlyForDeploymentPostprocessing = 0;
		};
/* End PBXSourcesBuildPhase section */

/* Begin PBXVariantGroup section */
		908C519C140522EF009B2D94 /* InfoPlist.strings */ = {
			isa = PBXVariantGroup;
			children = (
				908C519D140522EF009B2D94 /* en */,
			);
			name = InfoPlist.strings;
			sourceTree = "<group>";
		};
		908C51A5140522EF009B2D94 /* MainWindow.xib */ = {
			isa = PBXVariantGroup;
			children = (
				908C51A6140522EF009B2D94 /* en */,
			);
			name = MainWindow.xib;
			sourceTree = "<group>";
		};
		908C51AB140522EF009B2D94 /* State_LabViewController.xib */ = {
			isa = PBXVariantGroup;
			children = (
				908C51AC140522EF009B2D94 /* en */,
			);
			name = State_LabViewController.xib;
			sourceTree = "<group>";
		};
/* End PBXVariantGroup section */

/* Begin XCBuildConfiguration section */
		908C51AE140522EF009B2D94 /* Debug */ = {
			isa = XCBuildConfiguration;
			buildSettings = {
				ALWAYS_SEARCH_USER_PATHS = NO;
				ARCHS = "$(ARCHS_STANDARD_32_BIT)";
				"CODE_SIGN_IDENTITY[sdk=iphoneos*]" = "iPhone Developer";
				COPY_PHASE_STRIP = NO;
				GCC_C_LANGUAGE_STANDARD = gnu99;
				GCC_DYNAMIC_NO_PIC = NO;
				GCC_OPTIMIZATION_LEVEL = 0;
				GCC_PREPROCESSOR_DEFINITIONS = (
					"DEBUG=1",
					"$(inherited)",
				);
				GCC_SYMBOLS_PRIVATE_EXTERN = NO;
				GCC_VERSION = com.apple.compilers.llvmgcc42;
				GCC_WARN_ABOUT_MISSING_PROTOTYPES = YES;
				GCC_WARN_ABOUT_RETURN_TYPE = YES;
				GCC_WARN_UNUSED_VARIABLE = YES;
				IPHONEOS_DEPLOYMENT_TARGET = 4.3;
				SDKROOT = iphoneos;
			};
			name = Debug;
		};
		908C51AF140522EF009B2D94 /* Release */ = {
			isa = XCBuildConfiguration;
			buildSettings = {
				ALWAYS_SEARCH_USER_PATHS = NO;
				ARCHS = "$(ARCHS_STANDARD_32_BIT)";
				"CODE_SIGN_IDENTITY[sdk=iphoneos*]" = "iPhone Developer";
				COPY_PHASE_STRIP = YES;
				GCC_C_LANGUAGE_STANDARD = gnu99;
				GCC_VERSION = com.apple.compilers.llvmgcc42;
				GCC_WARN_ABOUT_MISSING_PROTOTYPES = YES;
				GCC_WARN_ABOUT_RETURN_TYPE = YES;
				GCC_WARN_UNUSED_VARIABLE = YES;
				IPHONEOS_DEPLOYMENT_TARGET = 4.3;
				OTHER_CFLAGS = "-DNS_BLOCK_ASSERTIONS=1";
				SDKROOT = iphoneos;
				VALIDATE_PRODUCT = YES;
			};
			name = Release;
		};
		908C51B1140522EF009B2D94 /* Debug */ = {
			isa = XCBuildConfiguration;
			buildSettings = {
				GCC_PRECOMPILE_PREFIX_HEADER = YES;
				GCC_PREFIX_HEADER = "State Lab/State Lab-Prefix.pch";
				INFOPLIST_FILE = "State Lab/State Lab-Info.plist";
				PRODUCT_NAME = "$(TARGET_NAME)";
				WRAPPER_EXTENSION = app;
			};
			name = Debug;
		};
		908C51B2140522EF009B2D94 /* Release */ = {
			isa = XCBuildConfiguration;
			buildSettings = {
				GCC_PRECOMPILE_PREFIX_HEADER = YES;
				GCC_PREFIX_HEADER = "State Lab/State Lab-Prefix.pch";
				INFOPLIST_FILE = "State Lab/State Lab-Info.plist";
				PRODUCT_NAME = "$(TARGET_NAME)";
				WRAPPER_EXTENSION = app;
			};
			name = Release;
		};
/* End XCBuildConfiguration section */

/* Begin XCConfigurationList section */
		908C5189140522EF009B2D94 /* Build configuration list for PBXProject "State Lab" */ = {
			isa = XCConfigurationList;
			buildConfigurations = (
				908C51AE140522EF009B2D94 /* Debug */,
				908C51AF140522EF009B2D94 /* Release */,
			);
			defaultConfigurationIsVisible = 0;
			defaultConfigurationName = Release;
		};
		908C51B0140522EF009B2D94 /* Build configuration list for PBXNativeTarget "State Lab" */ = {
			isa = XCConfigurationList;
			buildConfigurations = (
				908C51B1140522EF009B2D94 /* Debug */,
				908C51B2140522EF009B2D94 /* Release */,
			);
			defaultConfigurationIsVisible = 0;
			defaultConfigurationName = Release;
		};
/* End XCConfigurationList section */
	};
	rootObject = 908C5186140522EF009B2D94 /* Project object */;
}
