// !$*UTF8*$!
{
	archiveVersion = 1;
	classes = {
	};
	objectVersion = 46;
	objects = {

/* Begin PBXBuildFile section */
		90585558140A6AF70076B73B /* UIKit.framework in Frameworks */ = {isa = PBXBuildFile; fileRef = 90585557140A6AF70076B73B /* UIKit.framework */; };
		9058555A140A6AF70076B73B /* Foundation.framework in Frameworks */ = {isa = PBXBuildFile; fileRef = 90585559140A6AF70076B73B /* Foundation.framework */; };
		9058555C140A6AF70076B73B /* CoreGraphics.framework in Frameworks */ = {isa = PBXBuildFile; fileRef = 9058555B140A6AF70076B73B /* CoreGraphics.framework */; };
		90585562140A6AF70076B73B /* InfoPlist.strings in Resources */ = {isa = PBXBuildFile; fileRef = 90585560140A6AF70076B73B /* InfoPlist.strings */; };
		90585564140A6AF70076B73B /* main.m in Sources */ = {isa = PBXBuildFile; fileRef = 90585563140A6AF70076B73B /* main.m */; };
		90585568140A6AF70076B73B /* QuartzFunAppDelegate.m in Sources */ = {isa = PBXBuildFile; fileRef = 90585567140A6AF70076B73B /* QuartzFunAppDelegate.m */; };
		9058556B140A6AF70076B73B /* MainWindow.xib in Resources */ = {isa = PBXBuildFile; fileRef = 90585569140A6AF70076B73B /* MainWindow.xib */; };
		9058556E140A6AF70076B73B /* QuartzFunViewController.m in Sources */ = {isa = PBXBuildFile; fileRef = 9058556D140A6AF70076B73B /* QuartzFunViewController.m */; };
		90585571140A6AF70076B73B /* QuartzFunViewController.xib in Resources */ = {isa = PBXBuildFile; fileRef = 9058556F140A6AF70076B73B /* QuartzFunViewController.xib */; };
		90585579140A6B3A0076B73B /* QuartzFunView.m in Sources */ = {isa = PBXBuildFile; fileRef = 90585578140A6B3A0076B73B /* QuartzFunView.m */; };
		9058557D140A6BB90076B73B /* UIColor-Random.m in Sources */ = {isa = PBXBuildFile; fileRef = 9058557C140A6BB90076B73B /* UIColor-Random.m */; };
		908CAE27140BE20E00A23B5E /* iphone.png in Resources */ = {isa = PBXBuildFile; fileRef = 908CAE26140BE20E00A23B5E /* iphone.png */; };
/* End PBXBuildFile section */

/* Begin PBXFileReference section */
		90585553140A6AF70076B73B /* QuartzFun.app */ = {isa = PBXFileReference; explicitFileType = wrapper.application; includeInIndex = 0; path = QuartzFun.app; sourceTree = BUILT_PRODUCTS_DIR; };
		90585557140A6AF70076B73B /* UIKit.framework */ = {isa = PBXFileReference; lastKnownFileType = wrapper.framework; name = UIKit.framework; path = System/Library/Frameworks/UIKit.framework; sourceTree = SDKROOT; };
		90585559140A6AF70076B73B /* Foundation.framework */ = {isa = PBXFileReference; lastKnownFileType = wrapper.framework; name = Foundation.framework; path = System/Library/Frameworks/Foundation.framework; sourceTree = SDKROOT; };
		9058555B140A6AF70076B73B /* CoreGraphics.framework */ = {isa = PBXFileReference; lastKnownFileType = wrapper.framework; name = CoreGraphics.framework; path = System/Library/Frameworks/CoreGraphics.framework; sourceTree = SDKROOT; };
		9058555F140A6AF70076B73B /* QuartzFun-Info.plist */ = {isa = PBXFileReference; lastKnownFileType = text.plist.xml; path = "QuartzFun-Info.plist"; sourceTree = "<group>"; };
		90585561140A6AF70076B73B /* en */ = {isa = PBXFileReference; lastKnownFileType = text.plist.strings; name = en; path = en.lproj/InfoPlist.strings; sourceTree = "<group>"; };
		90585563140A6AF70076B73B /* main.m */ = {isa = PBXFileReference; lastKnownFileType = sourcecode.c.objc; path = main.m; sourceTree = "<group>"; };
		90585565140A6AF70076B73B /* QuartzFun-Prefix.pch */ = {isa = PBXFileReference; lastKnownFileType = sourcecode.c.h; path = "QuartzFun-Prefix.pch"; sourceTree = "<group>"; };
		90585566140A6AF70076B73B /* QuartzFunAppDelegate.h */ = {isa = PBXFileReference; lastKnownFileType = sourcecode.c.h; path = QuartzFunAppDelegate.h; sourceTree = "<group>"; };
		90585567140A6AF70076B73B /* QuartzFunAppDelegate.m */ = {isa = PBXFileReference; lastKnownFileType = sourcecode.c.objc; path = QuartzFunAppDelegate.m; sourceTree = "<group>"; };
		9058556A140A6AF70076B73B /* en */ = {isa = PBXFileReference; lastKnownFileType = file.xib; name = en; path = en.lproj/MainWindow.xib; sourceTree = "<group>"; };
		9058556C140A6AF70076B73B /* QuartzFunViewController.h */ = {isa = PBXFileReference; lastKnownFileType = sourcecode.c.h; path = QuartzFunViewController.h; sourceTree = "<group>"; };
		9058556D140A6AF70076B73B /* QuartzFunViewController.m */ = {isa = PBXFileReference; lastKnownFileType = sourcecode.c.objc; path = QuartzFunViewController.m; sourceTree = "<group>"; };
		90585570140A6AF70076B73B /* en */ = {isa = PBXFileReference; lastKnownFileType = file.xib; name = en; path = en.lproj/QuartzFunViewController.xib; sourceTree = "<group>"; };
		90585577140A6B3A0076B73B /* QuartzFunView.h */ = {isa = PBXFileReference; fileEncoding = 4; lastKnownFileType = sourcecode.c.h; path = QuartzFunView.h; sourceTree = "<group>"; };
		90585578140A6B3A0076B73B /* QuartzFunView.m */ = {isa = PBXFileReference; fileEncoding = 4; lastKnownFileType = sourcecode.c.objc; path = QuartzFunView.m; sourceTree = "<group>"; };
		9058557A140A6B790076B73B /* Constants.h */ = {isa = PBXFileReference; fileEncoding = 4; lastKnownFileType = sourcecode.c.h; path = Constants.h; sourceTree = "<group>"; };
		9058557B140A6BB90076B73B /* UIColor-Random.h */ = {isa = PBXFileReference; fileEncoding = 4; lastKnownFileType = sourcecode.c.h; path = "UIColor-Random.h"; sourceTree = "<group>"; };
		9058557C140A6BB90076B73B /* UIColor-Random.m */ = {isa = PBXFileReference; fileEncoding = 4; lastKnownFileType = sourcecode.c.objc; path = "UIColor-Random.m"; sourceTree = "<group>"; };
		908CAE26140BE20E00A23B5E /* iphone.png */ = {isa = PBXFileReference; lastKnownFileType = image.png; name = iphone.png; path = "../../../../Downloads/Begin_iPhone4_Projects_2011_01_21/14 - QuartzFun/iphone.png"; sourceTree = "<group>"; };
/* End PBXFileReference section */

/* Begin PBXFrameworksBuildPhase section */
		90585550140A6AF70076B73B /* Frameworks */ = {
			isa = PBXFrameworksBuildPhase;
			buildActionMask = 2147483647;
			files = (
				90585558140A6AF70076B73B /* UIKit.framework in Frameworks */,
				9058555A140A6AF70076B73B /* Foundation.framework in Frameworks */,
				9058555C140A6AF70076B73B /* CoreGraphics.framework in Frameworks */,
			);
			runOnlyForDeploymentPostprocessing = 0;
		};
/* End PBXFrameworksBuildPhase section */

/* Begin PBXGroup section */
		90585548140A6AF70076B73B = {
			isa = PBXGroup;
			children = (
				9058555D140A6AF70076B73B /* QuartzFun */,
				90585556140A6AF70076B73B /* Frameworks */,
				90585554140A6AF70076B73B /* Products */,
			);
			sourceTree = "<group>";
		};
		90585554140A6AF70076B73B /* Products */ = {
			isa = PBXGroup;
			children = (
				90585553140A6AF70076B73B /* QuartzFun.app */,
			);
			name = Products;
			sourceTree = "<group>";
		};
		90585556140A6AF70076B73B /* Frameworks */ = {
			isa = PBXGroup;
			children = (
				90585557140A6AF70076B73B /* UIKit.framework */,
				90585559140A6AF70076B73B /* Foundation.framework */,
				9058555B140A6AF70076B73B /* CoreGraphics.framework */,
			);
			name = Frameworks;
			sourceTree = "<group>";
		};
		9058555D140A6AF70076B73B /* QuartzFun */ = {
			isa = PBXGroup;
			children = (
				90585566140A6AF70076B73B /* QuartzFunAppDelegate.h */,
				90585567140A6AF70076B73B /* QuartzFunAppDelegate.m */,
				90585569140A6AF70076B73B /* MainWindow.xib */,
				9058556C140A6AF70076B73B /* QuartzFunViewController.h */,
				9058556D140A6AF70076B73B /* QuartzFunViewController.m */,
				9058556F140A6AF70076B73B /* QuartzFunViewController.xib */,
				9058555E140A6AF70076B73B /* Supporting Files */,
				90585577140A6B3A0076B73B /* QuartzFunView.h */,
				90585578140A6B3A0076B73B /* QuartzFunView.m */,
				9058557A140A6B790076B73B /* Constants.h */,
				9058557B140A6BB90076B73B /* UIColor-Random.h */,
				9058557C140A6BB90076B73B /* UIColor-Random.m */,
			);
			path = QuartzFun;
			sourceTree = "<group>";
		};
		9058555E140A6AF70076B73B /* Supporting Files */ = {
			isa = PBXGroup;
			children = (
				9058555F140A6AF70076B73B /* QuartzFun-Info.plist */,
				90585560140A6AF70076B73B /* InfoPlist.strings */,
				908CAE26140BE20E00A23B5E /* iphone.png */,
				90585563140A6AF70076B73B /* main.m */,
				90585565140A6AF70076B73B /* QuartzFun-Prefix.pch */,
			);
			name = "Supporting Files";
			sourceTree = "<group>";
		};
/* End PBXGroup section */

/* Begin PBXNativeTarget section */
		90585552140A6AF70076B73B /* QuartzFun */ = {
			isa = PBXNativeTarget;
			buildConfigurationList = 90585574140A6AF70076B73B /* Build configuration list for PBXNativeTarget "QuartzFun" */;
			buildPhases = (
				9058554F140A6AF70076B73B /* Sources */,
				90585550140A6AF70076B73B /* Frameworks */,
				90585551140A6AF70076B73B /* Resources */,
			);
			buildRules = (
			);
			dependencies = (
			);
			name = QuartzFun;
			productName = QuartzFun;
			productReference = 90585553140A6AF70076B73B /* QuartzFun.app */;
			productType = "com.apple.product-type.application";
		};
/* End PBXNativeTarget section */

/* Begin PBXProject section */
		9058554A140A6AF70076B73B /* Project object */ = {
			isa = PBXProject;
			buildConfigurationList = 9058554D140A6AF70076B73B /* Build configuration list for PBXProject "QuartzFun" */;
			compatibilityVersion = "Xcode 3.2";
			developmentRegion = English;
			hasScannedForEncodings = 0;
			knownRegions = (
				en,
			);
			mainGroup = 90585548140A6AF70076B73B;
			productRefGroup = 90585554140A6AF70076B73B /* Products */;
			projectDirPath = "";
			projectRoot = "";
			targets = (
				90585552140A6AF70076B73B /* QuartzFun */,
			);
		};
/* End PBXProject section */

/* Begin PBXResourcesBuildPhase section */
		90585551140A6AF70076B73B /* Resources */ = {
			isa = PBXResourcesBuildPhase;
			buildActionMask = 2147483647;
			files = (
				90585562140A6AF70076B73B /* InfoPlist.strings in Resources */,
				9058556B140A6AF70076B73B /* MainWindow.xib in Resources */,
				90585571140A6AF70076B73B /* QuartzFunViewController.xib in Resources */,
				908CAE27140BE20E00A23B5E /* iphone.png in Resources */,
			);
			runOnlyForDeploymentPostprocessing = 0;
		};
/* End PBXResourcesBuildPhase section */

/* Begin PBXSourcesBuildPhase section */
		9058554F140A6AF70076B73B /* Sources */ = {
			isa = PBXSourcesBuildPhase;
			buildActionMask = 2147483647;
			files = (
				90585564140A6AF70076B73B /* main.m in Sources */,
				90585568140A6AF70076B73B /* QuartzFunAppDelegate.m in Sources */,
				9058556E140A6AF70076B73B /* QuartzFunViewController.m in Sources */,
				90585579140A6B3A0076B73B /* QuartzFunView.m in Sources */,
				9058557D140A6BB90076B73B /* UIColor-Random.m in Sources */,
			);
			runOnlyForDeploymentPostprocessing = 0;
		};
/* End PBXSourcesBuildPhase section */

/* Begin PBXVariantGroup section */
		90585560140A6AF70076B73B /* InfoPlist.strings */ = {
			isa = PBXVariantGroup;
			children = (
				90585561140A6AF70076B73B /* en */,
			);
			name = InfoPlist.strings;
			sourceTree = "<group>";
		};
		90585569140A6AF70076B73B /* MainWindow.xib */ = {
			isa = PBXVariantGroup;
			children = (
				9058556A140A6AF70076B73B /* en */,
			);
			name = MainWindow.xib;
			sourceTree = "<group>";
		};
		9058556F140A6AF70076B73B /* QuartzFunViewController.xib */ = {
			isa = PBXVariantGroup;
			children = (
				90585570140A6AF70076B73B /* en */,
			);
			name = QuartzFunViewController.xib;
			sourceTree = "<group>";
		};
/* End PBXVariantGroup section */

/* Begin XCBuildConfiguration section */
		90585572140A6AF70076B73B /* Debug */ = {
			isa = XCBuildConfiguration;
			buildSettings = {
				ALWAYS_SEARCH_USER_PATHS = NO;
				ARCHS = "$(ARCHS_STANDARD_32_BIT)";
				"CODE_SIGN_IDENTITY[sdk=iphoneos*]" = "iPhone Developer";
				COPY_PHASE_STRIP = NO;
				GCC_C_LANGUAGE_STANDARD = gnu99;
				GCC_DYNAMIC_NO_PIC = NO;
				GCC_OPTIMIZATION_LEVEL = 0;
				GCC_PREPROCESSOR_DEFINITIONS = (
					"DEBUG=1",
					"$(inherited)",
				);
				GCC_SYMBOLS_PRIVATE_EXTERN = NO;
				GCC_VERSION = com.apple.compilers.llvmgcc42;
				GCC_WARN_ABOUT_MISSING_PROTOTYPES = YES;
				GCC_WARN_ABOUT_RETURN_TYPE = YES;
				GCC_WARN_UNUSED_VARIABLE = YES;
				IPHONEOS_DEPLOYMENT_TARGET = 4.3;
				SDKROOT = iphoneos;
			};
			name = Debug;
		};
		90585573140A6AF70076B73B /* Release */ = {
			isa = XCBuildConfiguration;
			buildSettings = {
				ALWAYS_SEARCH_USER_PATHS = NO;
				ARCHS = "$(ARCHS_STANDARD_32_BIT)";
				"CODE_SIGN_IDENTITY[sdk=iphoneos*]" = "iPhone Developer";
				COPY_PHASE_STRIP = YES;
				GCC_C_LANGUAGE_STANDARD = gnu99;
				GCC_VERSION = com.apple.compilers.llvmgcc42;
				GCC_WARN_ABOUT_MISSING_PROTOTYPES = YES;
				GCC_WARN_ABOUT_RETURN_TYPE = YES;
				GCC_WARN_UNUSED_VARIABLE = YES;
				IPHONEOS_DEPLOYMENT_TARGET = 4.3;
				OTHER_CFLAGS = "-DNS_BLOCK_ASSERTIONS=1";
				SDKROOT = iphoneos;
				VALIDATE_PRODUCT = YES;
			};
			name = Release;
		};
		90585575140A6AF70076B73B /* Debug */ = {
			isa = XCBuildConfiguration;
			buildSettings = {
				GCC_PRECOMPILE_PREFIX_HEADER = YES;
				GCC_PREFIX_HEADER = "QuartzFun/QuartzFun-Prefix.pch";
				INFOPLIST_FILE = "QuartzFun/QuartzFun-Info.plist";
				PRODUCT_NAME = "$(TARGET_NAME)";
				WRAPPER_EXTENSION = app;
			};
			name = Debug;
		};
		90585576140A6AF70076B73B /* Release */ = {
			isa = XCBuildConfiguration;
			buildSettings = {
				GCC_PRECOMPILE_PREFIX_HEADER = YES;
				GCC_PREFIX_HEADER = "QuartzFun/QuartzFun-Prefix.pch";
				INFOPLIST_FILE = "QuartzFun/QuartzFun-Info.plist";
				PRODUCT_NAME = "$(TARGET_NAME)";
				WRAPPER_EXTENSION = app;
			};
			name = Release;
		};
/* End XCBuildConfiguration section */

/* Begin XCConfigurationList section */
		9058554D140A6AF70076B73B /* Build configuration list for PBXProject "QuartzFun" */ = {
			isa = XCConfigurationList;
			buildConfigurations = (
				90585572140A6AF70076B73B /* Debug */,
				90585573140A6AF70076B73B /* Release */,
			);
			defaultConfigurationIsVisible = 0;
			defaultConfigurationName = Release;
		};
		90585574140A6AF70076B73B /* Build configuration list for PBXNativeTarget "QuartzFun" */ = {
			isa = XCConfigurationList;
			buildConfigurations = (
				90585575140A6AF70076B73B /* Debug */,
				90585576140A6AF70076B73B /* Release */,
			);
			defaultConfigurationIsVisible = 0;
			defaultConfigurationName = Release;
		};
/* End XCConfigurationList section */
	};
	rootObject = 9058554A140A6AF70076B73B /* Project object */;
}
